
Microsoft Visual Studio Solution File, Format Version 12.00
# Visual Studio Version 16
VisualStudioVersion = 16.0.30621.155
MinimumVisualStudioVersion = 10.0.40219.1
Project("{FAE04EC0-301F-11D3-BF4B-00C04F79EFBC}") = "StringArrayExercise", "StringArrayExercise\StringArrayExercise.csproj", "{0308E572-6F2D-403A-96B5-65A7E30E1370}"
EndProject
Global
	GlobalSection(SolutionConfigurationPlatforms) = preSolution
		Debug|Any CPU = Debug|Any CPU
		Release|Any CPU = Release|Any CPU
	EndGlobalSection
	GlobalSection(ProjectConfigurationPlatforms) = postSolution
		{0308E572-6F2D-403A-96B5-65A7E30E1370}.Debug|Any CPU.ActiveCfg = Debug|Any CPU
		{0308E572-6F2D-403A-96B5-65A7E30E1370}.Debug|Any CPU.Build.0 = Debug|Any CPU
		{0308E572-6F2D-403A-96B5-65A7E30E1370}.Release|Any CPU.ActiveCfg = Release|Any CPU
		{0308E572-6F2D-403A-96B5-65A7E30E1370}.Release|Any CPU.Build.0 = Release|Any CPU
	EndGlobalSection
	GlobalSection(SolutionProperties) = preSolution
		HideSolutionNode = FALSE
	EndGlobalSection
	GlobalSection(ExtensibilityGlobals) = postSolution
		SolutionGuid = {EBAB94B5-D8FA-426A-8E43-525A8BDD17AA}
	EndGlobalSection
EndGlobal
